
Microsoft Visual Studio Solution File, Format Version 11.00
# Visual Studio 2010
Project("{FAE04EC0-301F-11D3-BF4B-00C04F79EFBC}") = "core_lib", "core-lib\core_lib.csproj", "{8A7BE124-AB4D-42F0-B4F8-62A5B85CE15D}"
EndProject
Project("{FAE04EC0-301F-11D3-BF4B-00C04F79EFBC}") = "domain_lib", "domain_lib\domain_lib.csproj", "{4965CB44-7651-4EF2-B0EB-DF17D8397D78}"
EndProject
Project("{FAE04EC0-301F-11D3-BF4B-00C04F79EFBC}") = "export2word", "export2word\export2word.csproj", "{6251166B-A0CE-4565-B90E-0F4FFA7CDE9A}"
EndProject
Project("{FAE04EC0-301F-11D3-BF4B-00C04F79EFBC}") = "mcontrol", "mcontrol-lib\mcontrol.csproj", "{4D09918F-177E-406F-8970-C07CE602A2A7}"
EndProject
Project("{FAE04EC0-301F-11D3-BF4B-00C04F79EFBC}") = "reportutil", "report-lib\reportutil.csproj", "{E7F4EB68-6ED8-4360-B745-7C4D9566524A}"
EndProject
Project("{FAE04EC0-301F-11D3-BF4B-00C04F79EFBC}") = "wordviewer", "wordviewer\wordviewer.csproj", "{5A388857-15EA-4BC7-8559-6DDCF5F0B969}"
EndProject
Global
	GlobalSection(SolutionConfigurationPlatforms) = preSolution
		Debug|Any CPU = Debug|Any CPU
		Debug|x64 = Debug|x64
		Debug|x86 = Debug|x86
		Release|Any CPU = Release|Any CPU
		Release|x64 = Release|x64
		Release|x86 = Release|x86
	EndGlobalSection
	GlobalSection(ProjectConfigurationPlatforms) = postSolution
		{8A7BE124-AB4D-42F0-B4F8-62A5B85CE15D}.Debug|Any CPU.ActiveCfg = Debug|Any CPU
		{8A7BE124-AB4D-42F0-B4F8-62A5B85CE15D}.Debug|Any CPU.Build.0 = Debug|Any CPU
		{8A7BE124-AB4D-42F0-B4F8-62A5B85CE15D}.Debug|x64.ActiveCfg = Debug|x86
		{8A7BE124-AB4D-42F0-B4F8-62A5B85CE15D}.Debug|x86.ActiveCfg = Debug|x86
		{8A7BE124-AB4D-42F0-B4F8-62A5B85CE15D}.Debug|x86.Build.0 = Debug|x86
		{8A7BE124-AB4D-42F0-B4F8-62A5B85CE15D}.Release|Any CPU.ActiveCfg = Release|Any CPU
		{8A7BE124-AB4D-42F0-B4F8-62A5B85CE15D}.Release|Any CPU.Build.0 = Release|Any CPU
		{8A7BE124-AB4D-42F0-B4F8-62A5B85CE15D}.Release|x64.ActiveCfg = Release|x86
		{8A7BE124-AB4D-42F0-B4F8-62A5B85CE15D}.Release|x86.ActiveCfg = Release|x86
		{8A7BE124-AB4D-42F0-B4F8-62A5B85CE15D}.Release|x86.Build.0 = Release|x86
		{4965CB44-7651-4EF2-B0EB-DF17D8397D78}.Debug|Any CPU.ActiveCfg = Debug|Any CPU
		{4965CB44-7651-4EF2-B0EB-DF17D8397D78}.Debug|Any CPU.Build.0 = Debug|Any CPU
		{4965CB44-7651-4EF2-B0EB-DF17D8397D78}.Debug|x64.ActiveCfg = Debug|x86
		{4965CB44-7651-4EF2-B0EB-DF17D8397D78}.Debug|x86.ActiveCfg = Debug|x86
		{4965CB44-7651-4EF2-B0EB-DF17D8397D78}.Debug|x86.Build.0 = Debug|x86
		{4965CB44-7651-4EF2-B0EB-DF17D8397D78}.Release|Any CPU.ActiveCfg = Release|Any CPU
		{4965CB44-7651-4EF2-B0EB-DF17D8397D78}.Release|Any CPU.Build.0 = Release|Any CPU
		{4965CB44-7651-4EF2-B0EB-DF17D8397D78}.Release|x64.ActiveCfg = Release|x86
		{4965CB44-7651-4EF2-B0EB-DF17D8397D78}.Release|x86.ActiveCfg = Release|x86
		{4965CB44-7651-4EF2-B0EB-DF17D8397D78}.Release|x86.Build.0 = Release|x86
		{6251166B-A0CE-4565-B90E-0F4FFA7CDE9A}.Debug|Any CPU.ActiveCfg = Debug|Any CPU
		{6251166B-A0CE-4565-B90E-0F4FFA7CDE9A}.Debug|Any CPU.Build.0 = Debug|Any CPU
		{6251166B-A0CE-4565-B90E-0F4FFA7CDE9A}.Debug|x64.ActiveCfg = Debug|x86
		{6251166B-A0CE-4565-B90E-0F4FFA7CDE9A}.Debug|x86.ActiveCfg = Debug|x86
		{6251166B-A0CE-4565-B90E-0F4FFA7CDE9A}.Debug|x86.Build.0 = Debug|x86
		{6251166B-A0CE-4565-B90E-0F4FFA7CDE9A}.Release|Any CPU.ActiveCfg = Release|Any CPU
		{6251166B-A0CE-4565-B90E-0F4FFA7CDE9A}.Release|Any CPU.Build.0 = Release|Any CPU
		{6251166B-A0CE-4565-B90E-0F4FFA7CDE9A}.Release|x64.ActiveCfg = Release|x86
		{6251166B-A0CE-4565-B90E-0F4FFA7CDE9A}.Release|x86.ActiveCfg = Release|x86
		{6251166B-A0CE-4565-B90E-0F4FFA7CDE9A}.Release|x86.Build.0 = Release|x86
		{4D09918F-177E-406F-8970-C07CE602A2A7}.Debug|Any CPU.ActiveCfg = Debug|Any CPU
		{4D09918F-177E-406F-8970-C07CE602A2A7}.Debug|Any CPU.Build.0 = Debug|Any CPU
		{4D09918F-177E-406F-8970-C07CE602A2A7}.Debug|x64.ActiveCfg = Debug|x64
		{4D09918F-177E-406F-8970-C07CE602A2A7}.Debug|x64.Build.0 = Debug|x64
		{4D09918F-177E-406F-8970-C07CE602A2A7}.Debug|x86.ActiveCfg = Debug|x86
		{4D09918F-177E-406F-8970-C07CE602A2A7}.Debug|x86.Build.0 = Debug|x86
		{4D09918F-177E-406F-8970-C07CE602A2A7}.Release|Any CPU.ActiveCfg = Release|Any CPU
		{4D09918F-177E-406F-8970-C07CE602A2A7}.Release|Any CPU.Build.0 = Release|Any CPU
		{4D09918F-177E-406F-8970-C07CE602A2A7}.Release|x64.ActiveCfg = Release|x64
		{4D09918F-177E-406F-8970-C07CE602A2A7}.Release|x64.Build.0 = Release|x64
		{4D09918F-177E-406F-8970-C07CE602A2A7}.Release|x86.ActiveCfg = Release|x86
		{4D09918F-177E-406F-8970-C07CE602A2A7}.Release|x86.Build.0 = Release|x86
		{E7F4EB68-6ED8-4360-B745-7C4D9566524A}.Debug|Any CPU.ActiveCfg = Debug|Any CPU
		{E7F4EB68-6ED8-4360-B745-7C4D9566524A}.Debug|Any CPU.Build.0 = Debug|Any CPU
		{E7F4EB68-6ED8-4360-B745-7C4D9566524A}.Debug|x64.ActiveCfg = Debug|x86
		{E7F4EB68-6ED8-4360-B745-7C4D9566524A}.Debug|x86.ActiveCfg = Debug|x86
		{E7F4EB68-6ED8-4360-B745-7C4D9566524A}.Debug|x86.Build.0 = Debug|x86
		{E7F4EB68-6ED8-4360-B745-7C4D9566524A}.Release|Any CPU.ActiveCfg = Release|Any CPU
		{E7F4EB68-6ED8-4360-B745-7C4D9566524A}.Release|Any CPU.Build.0 = Release|Any CPU
		{E7F4EB68-6ED8-4360-B745-7C4D9566524A}.Release|x64.ActiveCfg = Release|x86
		{E7F4EB68-6ED8-4360-B745-7C4D9566524A}.Release|x86.ActiveCfg = Release|x86
		{E7F4EB68-6ED8-4360-B745-7C4D9566524A}.Release|x86.Build.0 = Release|x86
		{5A388857-15EA-4BC7-8559-6DDCF5F0B969}.Debug|Any CPU.ActiveCfg = Debug|Any CPU
		{5A388857-15EA-4BC7-8559-6DDCF5F0B969}.Debug|Any CPU.Build.0 = Debug|Any CPU
		{5A388857-15EA-4BC7-8559-6DDCF5F0B969}.Debug|x64.ActiveCfg = Debug|x86
		{5A388857-15EA-4BC7-8559-6DDCF5F0B969}.Debug|x86.ActiveCfg = Debug|x86
		{5A388857-15EA-4BC7-8559-6DDCF5F0B969}.Debug|x86.Build.0 = Debug|x86
		{5A388857-15EA-4BC7-8559-6DDCF5F0B969}.Release|Any CPU.ActiveCfg = Release|Any CPU
		{5A388857-15EA-4BC7-8559-6DDCF5F0B969}.Release|Any CPU.Build.0 = Release|Any CPU
		{5A388857-15EA-4BC7-8559-6DDCF5F0B969}.Release|x64.ActiveCfg = Release|x86
		{5A388857-15EA-4BC7-8559-6DDCF5F0B969}.Release|x86.ActiveCfg = Release|x86
		{5A388857-15EA-4BC7-8559-6DDCF5F0B969}.Release|x86.Build.0 = Release|x86
	EndGlobalSection
	GlobalSection(SolutionProperties) = preSolution
		HideSolutionNode = FALSE
	EndGlobalSection
EndGlobal
